// !$*UTF8*$!
{
	archiveVersion = 1;
	classes = {
	};
	objectVersion = 46;
	objects = {

/* Begin PBXBuildFile section */
		890576EF1DCB57E70064C517 /* Filter.cpp in Sources */ = {isa = PBXBuildFile; fileRef = 890576ED1DCB57E70064C517 /* Filter.cpp */; };
		89B3D18C1DCA5AE40069BE66 /* EntityMatcher.cpp in Sources */ = {isa = PBXBuildFile; fileRef = 89B3D18A1DCA5AE40069BE66 /* EntityMatcher.cpp */; };
		89E45AD61DC7B6BD0042532D /* main.cpp in Sources */ = {isa = PBXBuildFile; fileRef = 89E45AD51DC7B6BD0042532D /* main.cpp */; };
		89E45AFB1DC7CE850042532D /* Entity.cpp in Sources */ = {isa = PBXBuildFile; fileRef = 89E45AFA1DC7CE850042532D /* Entity.cpp */; };
		89E5F35E1DCF34D300775CED /* ReactiveSystem.cpp in Sources */ = {isa = PBXBuildFile; fileRef = 89E5F35D1DCF34D300775CED /* ReactiveSystem.cpp */; };
		89E5F3611DCF353600775CED /* SystemObserver.cpp in Sources */ = {isa = PBXBuildFile; fileRef = 89E5F35F1DCF353600775CED /* SystemObserver.cpp */; };
/* End PBXBuildFile section */

/* Begin PBXCopyFilesBuildPhase section */
		89E45AD01DC7B6BD0042532D /* CopyFiles */ = {
			isa = PBXCopyFilesBuildPhase;
			buildActionMask = 2147483647;
			dstPath = /usr/share/man/man1/;
			dstSubfolderSpec = 0;
			files = (
			);
			runOnlyForDeploymentPostprocessing = 1;
		};
/* End PBXCopyFilesBuildPhase section */

/* Begin PBXFileReference section */
		890576ED1DCB57E70064C517 /* Filter.cpp */ = {isa = PBXFileReference; fileEncoding = 4; lastKnownFileType = sourcecode.cpp.cpp; name = Filter.cpp; path = Filter/Filter.cpp; sourceTree = "<group>"; };
		890576EE1DCB57E70064C517 /* Filter.hpp */ = {isa = PBXFileReference; fileEncoding = 4; lastKnownFileType = sourcecode.cpp.h; name = Filter.hpp; path = Filter/Filter.hpp; sourceTree = "<group>"; };
		899193011DCE300700837E3B /* ECSMacros.hpp */ = {isa = PBXFileReference; fileEncoding = 4; lastKnownFileType = sourcecode.cpp.h; name = ECSMacros.hpp; path = ECSMacros/ECSMacros.hpp; sourceTree = "<group>"; };
		899193041DCE324500837E3B /* ExampleComponents.hpp */ = {isa = PBXFileReference; fileEncoding = 4; lastKnownFileType = sourcecode.cpp.h; name = ExampleComponents.hpp; path = ExampleComponents/ExampleComponents.hpp; sourceTree = "<group>"; };
		89B3D18A1DCA5AE40069BE66 /* EntityMatcher.cpp */ = {isa = PBXFileReference; fileEncoding = 4; lastKnownFileType = sourcecode.cpp.cpp; name = EntityMatcher.cpp; path = EntityMatcher/EntityMatcher.cpp; sourceTree = "<group>"; };
		89B3D18B1DCA5AE40069BE66 /* EntityMatcher.hpp */ = {isa = PBXFileReference; fileEncoding = 4; lastKnownFileType = sourcecode.cpp.h; name = EntityMatcher.hpp; path = EntityMatcher/EntityMatcher.hpp; sourceTree = "<group>"; };
		89E45AD21DC7B6BD0042532D /* ECS */ = {isa = PBXFileReference; explicitFileType = "compiled.mach-o.executable"; includeInIndex = 0; path = ECS; sourceTree = BUILT_PRODUCTS_DIR; };
		89E45AD51DC7B6BD0042532D /* main.cpp */ = {isa = PBXFileReference; lastKnownFileType = sourcecode.cpp.cpp; path = main.cpp; sourceTree = "<group>"; };
		89E45AF91DC7CE7C0042532D /* Component.hpp */ = {isa = PBXFileReference; fileEncoding = 4; lastKnownFileType = sourcecode.cpp.h; name = Component.hpp; path = Component/Component.hpp; sourceTree = "<group>"; };
		89E45AFA1DC7CE850042532D /* Entity.cpp */ = {isa = PBXFileReference; fileEncoding = 4; lastKnownFileType = sourcecode.cpp.cpp; name = Entity.cpp; path = Entity/Entity.cpp; sourceTree = "<group>"; };
		89E45AFC1DC7CE8C0042532D /* Entity.hpp */ = {isa = PBXFileReference; fileEncoding = 4; lastKnownFileType = sourcecode.cpp.h; name = Entity.hpp; path = Entity/Entity.hpp; sourceTree = "<group>"; };
		89E5F35B1DCF335700775CED /* ReactiveSystem.hpp */ = {isa = PBXFileReference; fileEncoding = 4; lastKnownFileType = sourcecode.cpp.h; name = ReactiveSystem.hpp; path = Systems/ReactiveSystem.hpp; sourceTree = "<group>"; };
		89E5F35D1DCF34D300775CED /* ReactiveSystem.cpp */ = {isa = PBXFileReference; fileEncoding = 4; lastKnownFileType = sourcecode.cpp.cpp; name = ReactiveSystem.cpp; path = Systems/ReactiveSystem.cpp; sourceTree = "<group>"; };
		89E5F35F1DCF353600775CED /* SystemObserver.cpp */ = {isa = PBXFileReference; fileEncoding = 4; lastKnownFileType = sourcecode.cpp.cpp; name = SystemObserver.cpp; path = Systems/SystemObserver.cpp; sourceTree = "<group>"; };
		89E5F3601DCF353600775CED /* SystemObserver.hpp */ = {isa = PBXFileReference; fileEncoding = 4; lastKnownFileType = sourcecode.cpp.h; name = SystemObserver.hpp; path = Systems/SystemObserver.hpp; sourceTree = "<group>"; };
/* End PBXFileReference section */

/* Begin PBXFrameworksBuildPhase section */
		89E45ACF1DC7B6BD0042532D /* Frameworks */ = {
			isa = PBXFrameworksBuildPhase;
			buildActionMask = 2147483647;
			files = (
			);
			runOnlyForDeploymentPostprocessing = 0;
		};
/* End PBXFrameworksBuildPhase section */

/* Begin PBXGroup section */
		890576EC1DCB57CA0064C517 /* Filter */ = {
			isa = PBXGroup;
			children = (
				890576ED1DCB57E70064C517 /* Filter.cpp */,
				890576EE1DCB57E70064C517 /* Filter.hpp */,
			);
			name = Filter;
			sourceTree = "<group>";
		};
		899192F61DCE1D9700837E3B /* ExampleComponents */ = {
			isa = PBXGroup;
			children = (
				899193041DCE324500837E3B /* ExampleComponents.hpp */,
			);
			name = ExampleComponents;
			sourceTree = "<group>";
		};
		899192FF1DCE2FE300837E3B /* Macros */ = {
			isa = PBXGroup;
			children = (
				899193011DCE300700837E3B /* ECSMacros.hpp */,
			);
			name = Macros;
			sourceTree = "<group>";
		};
		89B3D1881DCA59B60069BE66 /* EntityMatcher */ = {
			isa = PBXGroup;
			children = (
				89B3D18A1DCA5AE40069BE66 /* EntityMatcher.cpp */,
				89B3D18B1DCA5AE40069BE66 /* EntityMatcher.hpp */,
			);
			name = EntityMatcher;
			sourceTree = "<group>";
		};
		89E45AC91DC7B6BD0042532D = {
			isa = PBXGroup;
			children = (
				89E45AD41DC7B6BD0042532D /* ECS */,
				89E45AD31DC7B6BD0042532D /* Products */,
			);
			sourceTree = "<group>";
		};
		89E45AD31DC7B6BD0042532D /* Products */ = {
			isa = PBXGroup;
			children = (
				89E45AD21DC7B6BD0042532D /* ECS */,
			);
			name = Products;
			sourceTree = "<group>";
		};
		89E45AD41DC7B6BD0042532D /* ECS */ = {
			isa = PBXGroup;
			children = (
				89E5F3581DCF332000775CED /* Systems */,
				899192FF1DCE2FE300837E3B /* Macros */,
				899192F61DCE1D9700837E3B /* ExampleComponents */,
				890576EC1DCB57CA0064C517 /* Filter */,
				89B3D1881DCA59B60069BE66 /* EntityMatcher */,
				89E45AF61DC7CE510042532D /* Component */,
				89E45AF01DC7CD5B0042532D /* Entity */,
				89E45AD51DC7B6BD0042532D /* main.cpp */,
			);
			path = ECS;
			sourceTree = "<group>";
		};
		89E45AF01DC7CD5B0042532D /* Entity */ = {
			isa = PBXGroup;
			children = (
				89E45AFA1DC7CE850042532D /* Entity.cpp */,
				89E45AFC1DC7CE8C0042532D /* Entity.hpp */,
			);
			name = Entity;
			sourceTree = "<group>";
		};
		89E45AF61DC7CE510042532D /* Component */ = {
			isa = PBXGroup;
			children = (
				89E45AF91DC7CE7C0042532D /* Component.hpp */,
			);
			name = Component;
			sourceTree = "<group>";
		};
		89E5F3581DCF332000775CED /* Systems */ = {
			isa = PBXGroup;
			children = (
				89E5F35D1DCF34D300775CED /* ReactiveSystem.cpp */,
				89E5F35F1DCF353600775CED /* SystemObserver.cpp */,
				89E5F35B1DCF335700775CED /* ReactiveSystem.hpp */,
				89E5F3601DCF353600775CED /* SystemObserver.hpp */,
			);
			name = Systems;
			sourceTree = "<group>";
		};
/* End PBXGroup section */

/* Begin PBXNativeTarget section */
		89E45AD11DC7B6BD0042532D /* ECS */ = {
			isa = PBXNativeTarget;
			buildConfigurationList = 89E45AD91DC7B6BD0042532D /* Build configuration list for PBXNativeTarget "ECS" */;
			buildPhases = (
				89E45ACE1DC7B6BD0042532D /* Sources */,
				89E45ACF1DC7B6BD0042532D /* Frameworks */,
				89E45AD01DC7B6BD0042532D /* CopyFiles */,
			);
			buildRules = (
			);
			dependencies = (
			);
			name = ECS;
			productName = ECS;
			productReference = 89E45AD21DC7B6BD0042532D /* ECS */;
			productType = "com.apple.product-type.tool";
		};
/* End PBXNativeTarget section */

/* Begin PBXProject section */
		89E45ACA1DC7B6BD0042532D /* Project object */ = {
			isa = PBXProject;
			attributes = {
				LastUpgradeCheck = 0730;
				ORGANIZATIONNAME = "Adi Zhavo";
				TargetAttributes = {
					89E45AD11DC7B6BD0042532D = {
						CreatedOnToolsVersion = 7.3.1;
					};
				};
			};
			buildConfigurationList = 89E45ACD1DC7B6BD0042532D /* Build configuration list for PBXProject "ECS" */;
			compatibilityVersion = "Xcode 3.2";
			developmentRegion = English;
			hasScannedForEncodings = 0;
			knownRegions = (
				en,
			);
			mainGroup = 89E45AC91DC7B6BD0042532D;
			productRefGroup = 89E45AD31DC7B6BD0042532D /* Products */;
			projectDirPath = "";
			projectRoot = "";
			targets = (
				89E45AD11DC7B6BD0042532D /* ECS */,
			);
		};
/* End PBXProject section */

/* Begin PBXSourcesBuildPhase section */
		89E45ACE1DC7B6BD0042532D /* Sources */ = {
			isa = PBXSourcesBuildPhase;
			buildActionMask = 2147483647;
			files = (
				890576EF1DCB57E70064C517 /* Filter.cpp in Sources */,
				89E45AFB1DC7CE850042532D /* Entity.cpp in Sources */,
				89E45AD61DC7B6BD0042532D /* main.cpp in Sources */,
				89B3D18C1DCA5AE40069BE66 /* EntityMatcher.cpp in Sources */,
				89E5F3611DCF353600775CED /* SystemObserver.cpp in Sources */,
				89E5F35E1DCF34D300775CED /* ReactiveSystem.cpp in Sources */,
			);
			runOnlyForDeploymentPostprocessing = 0;
		};
/* End PBXSourcesBuildPhase section */

/* Begin XCBuildConfiguration section */
		89E45AD71DC7B6BD0042532D /* Debug */ = {
			isa = XCBuildConfiguration;
			buildSettings = {
				ALWAYS_SEARCH_USER_PATHS = NO;
				CLANG_ANALYZER_NONNULL = YES;
				CLANG_CXX_LANGUAGE_STANDARD = "gnu++0x";
				CLANG_CXX_LIBRARY = "libc++";
				CLANG_ENABLE_MODULES = YES;
				CLANG_ENABLE_OBJC_ARC = YES;
				CLANG_WARN_BOOL_CONVERSION = YES;
				CLANG_WARN_CONSTANT_CONVERSION = YES;
				CLANG_WARN_DIRECT_OBJC_ISA_USAGE = YES_ERROR;
				CLANG_WARN_EMPTY_BODY = YES;
				CLANG_WARN_ENUM_CONVERSION = YES;
				CLANG_WARN_INT_CONVERSION = YES;
				CLANG_WARN_OBJC_ROOT_CLASS = YES_ERROR;
				CLANG_WARN_UNREACHABLE_CODE = YES;
				CLANG_WARN__DUPLICATE_METHOD_MATCH = YES;
				CODE_SIGN_IDENTITY = "-";
				COPY_PHASE_STRIP = NO;
				DEBUG_INFORMATION_FORMAT = dwarf;
				ENABLE_STRICT_OBJC_MSGSEND = YES;
				ENABLE_TESTABILITY = YES;
				GCC_C_LANGUAGE_STANDARD = gnu99;
				GCC_DYNAMIC_NO_PIC = NO;
				GCC_NO_COMMON_BLOCKS = YES;
				GCC_OPTIMIZATION_LEVEL = 0;
				GCC_PREPROCESSOR_DEFINITIONS = (
					"DEBUG=1",
					"$(inherited)",
				);
				GCC_WARN_64_TO_32_BIT_CONVERSION = YES;
				GCC_WARN_ABOUT_RETURN_TYPE = YES_ERROR;
				GCC_WARN_UNDECLARED_SELECTOR = YES;
				GCC_WARN_UNINITIALIZED_AUTOS = YES_AGGRESSIVE;
				GCC_WARN_UNUSED_FUNCTION = YES;
				GCC_WARN_UNUSED_VARIABLE = YES;
				MACOSX_DEPLOYMENT_TARGET = 10.11;
				MTL_ENABLE_DEBUG_INFO = YES;
				ONLY_ACTIVE_ARCH = YES;
				SDKROOT = macosx;
			};
			name = Debug;
		};
		89E45AD81DC7B6BD0042532D /* Release */ = {
			isa = XCBuildConfiguration;
			buildSettings = {
				ALWAYS_SEARCH_USER_PATHS = NO;
				CLANG_ANALYZER_NONNULL = YES;
				CLANG_CXX_LANGUAGE_STANDARD = "gnu++0x";
				CLANG_CXX_LIBRARY = "libc++";
				CLANG_ENABLE_MODULES = YES;
				CLANG_ENABLE_OBJC_ARC = YES;
				CLANG_WARN_BOOL_CONVERSION = YES;
				CLANG_WARN_CONSTANT_CONVERSION = YES;
				CLANG_WARN_DIRECT_OBJC_ISA_USAGE = YES_ERROR;
				CLANG_WARN_EMPTY_BODY = YES;
				CLANG_WARN_ENUM_CONVERSION = YES;
				CLANG_WARN_INT_CONVERSION = YES;
				CLANG_WARN_OBJC_ROOT_CLASS = YES_ERROR;
				CLANG_WARN_UNREACHABLE_CODE = YES;
				CLANG_WARN__DUPLICATE_METHOD_MATCH = YES;
				CODE_SIGN_IDENTITY = "-";
				COPY_PHASE_STRIP = NO;
				DEBUG_INFORMATION_FORMAT = "dwarf-with-dsym";
				ENABLE_NS_ASSERTIONS = NO;
				ENABLE_STRICT_OBJC_MSGSEND = YES;
				GCC_C_LANGUAGE_STANDARD = gnu99;
				GCC_NO_COMMON_BLOCKS = YES;
				GCC_WARN_64_TO_32_BIT_CONVERSION = YES;
				GCC_WARN_ABOUT_RETURN_TYPE = YES_ERROR;
				GCC_WARN_UNDECLARED_SELECTOR = YES;
				GCC_WARN_UNINITIALIZED_AUTOS = YES_AGGRESSIVE;
				GCC_WARN_UNUSED_FUNCTION = YES;
				GCC_WARN_UNUSED_VARIABLE = YES;
				MACOSX_DEPLOYMENT_TARGET = 10.11;
				MTL_ENABLE_DEBUG_INFO = NO;
				SDKROOT = macosx;
			};
			name = Release;
		};
		89E45ADA1DC7B6BD0042532D /* Debug */ = {
			isa = XCBuildConfiguration;
			buildSettings = {
				PRODUCT_NAME = "$(TARGET_NAME)";
			};
			name = Debug;
		};
		89E45ADB1DC7B6BD0042532D /* Release */ = {
			isa = XCBuildConfiguration;
			buildSettings = {
				PRODUCT_NAME = "$(TARGET_NAME)";
			};
			name = Release;
		};
/* End XCBuildConfiguration section */

/* Begin XCConfigurationList section */
		89E45ACD1DC7B6BD0042532D /* Build configuration list for PBXProject "ECS" */ = {
			isa = XCConfigurationList;
			buildConfigurations = (
				89E45AD71DC7B6BD0042532D /* Debug */,
				89E45AD81DC7B6BD0042532D /* Release */,
			);
			defaultConfigurationIsVisible = 0;
			defaultConfigurationName = Release;
		};
		89E45AD91DC7B6BD0042532D /* Build configuration list for PBXNativeTarget "ECS" */ = {
			isa = XCConfigurationList;
			buildConfigurations = (
				89E45ADA1DC7B6BD0042532D /* Debug */,
				89E45ADB1DC7B6BD0042532D /* Release */,
			);
			defaultConfigurationIsVisible = 0;
			defaultConfigurationName = Release;
		};
/* End XCConfigurationList section */
	};
	rootObject = 89E45ACA1DC7B6BD0042532D /* Project object */;
}
