// !$*UTF8*$!
{
	archiveVersion = 1;
	classes = {
	};
	objectVersion = 46;
	objects = {

/* Begin PBXBuildFile section */
		891D23751DDA046500437054 /* entityTest.cpp in Sources */ = {isa = PBXBuildFile; fileRef = 891D23741DDA046500437054 /* entityTest.cpp */; };
		896DF9A11DE1D1250071E77D /* reactiveSystemTest.cpp in Sources */ = {isa = PBXBuildFile; fileRef = 896DF9A01DE1D1250071E77D /* reactiveSystemTest.cpp */; };
		899C6C101DD34A97009094C5 /* entity.cpp in Sources */ = {isa = PBXBuildFile; fileRef = 899C6C0B1DD34A97009094C5 /* entity.cpp */; };
		899C6C111DD34A97009094C5 /* entityMatcher.cpp in Sources */ = {isa = PBXBuildFile; fileRef = 899C6C0C1DD34A97009094C5 /* entityMatcher.cpp */; };
		899C6C121DD34A97009094C5 /* filter.cpp in Sources */ = {isa = PBXBuildFile; fileRef = 899C6C0D1DD34A97009094C5 /* filter.cpp */; };
		899C6C131DD34A97009094C5 /* reactiveSystem.cpp in Sources */ = {isa = PBXBuildFile; fileRef = 899C6C0E1DD34A97009094C5 /* reactiveSystem.cpp */; };
		899C6C141DD34A97009094C5 /* systemObserver.cpp in Sources */ = {isa = PBXBuildFile; fileRef = 899C6C0F1DD34A97009094C5 /* systemObserver.cpp */; };
		89AEA8201DE0A80F00E600A0 /* mainTest.cpp in Sources */ = {isa = PBXBuildFile; fileRef = 89AEA81F1DE0A80F00E600A0 /* mainTest.cpp */; };
		89AEA8241DE0B46C00E600A0 /* filterTest.cpp in Sources */ = {isa = PBXBuildFile; fileRef = 89AEA8231DE0B46C00E600A0 /* filterTest.cpp */; };
		89AEA8281DE0BFE600E600A0 /* entityMatcherTest.cpp in Sources */ = {isa = PBXBuildFile; fileRef = 89AEA8271DE0BFE600E600A0 /* entityMatcherTest.cpp */; };
/* End PBXBuildFile section */

/* Begin PBXCopyFilesBuildPhase section */
		89E45AD01DC7B6BD0042532D /* Copy Files */ = {
			isa = PBXCopyFilesBuildPhase;
			buildActionMask = 2147483647;
			dstPath = /usr/share/man/man1/;
			dstSubfolderSpec = 0;
			files = (
			);
			name = "Copy Files";
			runOnlyForDeploymentPostprocessing = 1;
		};
/* End PBXCopyFilesBuildPhase section */

/* Begin PBXFileReference section */
		891D23721DD9E8B900437054 /* testMacro.hpp */ = {isa = PBXFileReference; fileEncoding = 4; lastKnownFileType = sourcecode.cpp.h; name = testMacro.hpp; path = tests/testMacro.hpp; sourceTree = "<group>"; };
		891D23741DDA046500437054 /* entityTest.cpp */ = {isa = PBXFileReference; fileEncoding = 4; lastKnownFileType = sourcecode.cpp.cpp; name = entityTest.cpp; path = tests/entityTest.cpp; sourceTree = "<group>"; };
		896DF9A01DE1D1250071E77D /* reactiveSystemTest.cpp */ = {isa = PBXFileReference; fileEncoding = 4; lastKnownFileType = sourcecode.cpp.cpp; name = reactiveSystemTest.cpp; path = tests/reactiveSystemTest.cpp; sourceTree = "<group>"; };
		898BCA781EA24AAC004960C8 /* component.hpp */ = {isa = PBXFileReference; fileEncoding = 4; lastKnownFileType = sourcecode.cpp.h; name = component.hpp; path = ECS/headers/component.hpp; sourceTree = SOURCE_ROOT; };
		898BCA791EA24AAC004960C8 /* entity.hpp */ = {isa = PBXFileReference; fileEncoding = 4; lastKnownFileType = sourcecode.cpp.h; name = entity.hpp; path = ECS/headers/entity.hpp; sourceTree = SOURCE_ROOT; };
		898BCA7A1EA24AAC004960C8 /* entityMatcher.hpp */ = {isa = PBXFileReference; fileEncoding = 4; lastKnownFileType = sourcecode.cpp.h; name = entityMatcher.hpp; path = ECS/headers/entityMatcher.hpp; sourceTree = SOURCE_ROOT; };
		898BCA7B1EA24AAC004960C8 /* filter.hpp */ = {isa = PBXFileReference; fileEncoding = 4; lastKnownFileType = sourcecode.cpp.h; name = filter.hpp; path = ECS/headers/filter.hpp; sourceTree = SOURCE_ROOT; };
		898BCA7C1EA24AAC004960C8 /* reactiveSystem.hpp */ = {isa = PBXFileReference; fileEncoding = 4; lastKnownFileType = sourcecode.cpp.h; name = reactiveSystem.hpp; path = ECS/headers/reactiveSystem.hpp; sourceTree = SOURCE_ROOT; };
		898BCA7D1EA24AAC004960C8 /* systemObserver.hpp */ = {isa = PBXFileReference; fileEncoding = 4; lastKnownFileType = sourcecode.cpp.h; name = systemObserver.hpp; path = ECS/headers/systemObserver.hpp; sourceTree = SOURCE_ROOT; };
		899C6BF81DD34A6D009094C5 /* sampleComponents.hpp */ = {isa = PBXFileReference; fileEncoding = 4; lastKnownFileType = sourcecode.cpp.h; path = sampleComponents.hpp; sourceTree = "<group>"; };
		899C6BF91DD34A6D009094C5 /* sampleReactiveSystem.hpp */ = {isa = PBXFileReference; fileEncoding = 4; lastKnownFileType = sourcecode.cpp.h; path = sampleReactiveSystem.hpp; sourceTree = "<group>"; };
		899C6C0B1DD34A97009094C5 /* entity.cpp */ = {isa = PBXFileReference; fileEncoding = 4; lastKnownFileType = sourcecode.cpp.cpp; path = entity.cpp; sourceTree = "<group>"; };
		899C6C0C1DD34A97009094C5 /* entityMatcher.cpp */ = {isa = PBXFileReference; fileEncoding = 4; lastKnownFileType = sourcecode.cpp.cpp; path = entityMatcher.cpp; sourceTree = "<group>"; };
		899C6C0D1DD34A97009094C5 /* filter.cpp */ = {isa = PBXFileReference; fileEncoding = 4; lastKnownFileType = sourcecode.cpp.cpp; path = filter.cpp; sourceTree = "<group>"; };
		899C6C0E1DD34A97009094C5 /* reactiveSystem.cpp */ = {isa = PBXFileReference; fileEncoding = 4; lastKnownFileType = sourcecode.cpp.cpp; path = reactiveSystem.cpp; sourceTree = "<group>"; };
		899C6C0F1DD34A97009094C5 /* systemObserver.cpp */ = {isa = PBXFileReference; fileEncoding = 4; lastKnownFileType = sourcecode.cpp.cpp; path = systemObserver.cpp; sourceTree = "<group>"; };
		89AEA81F1DE0A80F00E600A0 /* mainTest.cpp */ = {isa = PBXFileReference; fileEncoding = 4; lastKnownFileType = sourcecode.cpp.cpp; name = mainTest.cpp; path = tests/mainTest.cpp; sourceTree = "<group>"; };
		89AEA8231DE0B46C00E600A0 /* filterTest.cpp */ = {isa = PBXFileReference; fileEncoding = 4; lastKnownFileType = sourcecode.cpp.cpp; name = filterTest.cpp; path = tests/filterTest.cpp; sourceTree = "<group>"; };
		89AEA8271DE0BFE600E600A0 /* entityMatcherTest.cpp */ = {isa = PBXFileReference; fileEncoding = 4; lastKnownFileType = sourcecode.cpp.cpp; name = entityMatcherTest.cpp; path = tests/entityMatcherTest.cpp; sourceTree = "<group>"; };
		89E45AD21DC7B6BD0042532D /* ECS */ = {isa = PBXFileReference; explicitFileType = "compiled.mach-o.executable"; includeInIndex = 0; path = ECS; sourceTree = BUILT_PRODUCTS_DIR; };
/* End PBXFileReference section */

/* Begin PBXFrameworksBuildPhase section */
		89E45ACF1DC7B6BD0042532D /* Frameworks */ = {
			isa = PBXFrameworksBuildPhase;
			buildActionMask = 2147483647;
			files = (
			);
			runOnlyForDeploymentPostprocessing = 0;
		};
/* End PBXFrameworksBuildPhase section */

/* Begin PBXGroup section */
		891D23701DD9E87900437054 /* tests */ = {
			isa = PBXGroup;
			children = (
				891D23721DD9E8B900437054 /* testMacro.hpp */,
				891D23741DDA046500437054 /* entityTest.cpp */,
				89AEA81F1DE0A80F00E600A0 /* mainTest.cpp */,
				89AEA8231DE0B46C00E600A0 /* filterTest.cpp */,
				89AEA8271DE0BFE600E600A0 /* entityMatcherTest.cpp */,
				896DF9A01DE1D1250071E77D /* reactiveSystemTest.cpp */,
			);
			name = tests;
			sourceTree = "<group>";
		};
		899C6BF71DD34A6D009094C5 /* examples */ = {
			isa = PBXGroup;
			children = (
				899C6BF81DD34A6D009094C5 /* sampleComponents.hpp */,
				899C6BF91DD34A6D009094C5 /* sampleReactiveSystem.hpp */,
			);
			path = examples;
			sourceTree = "<group>";
		};
		899C6C021DD34A90009094C5 /* headers */ = {
			isa = PBXGroup;
			children = (
				898BCA781EA24AAC004960C8 /* component.hpp */,
				898BCA791EA24AAC004960C8 /* entity.hpp */,
				898BCA7A1EA24AAC004960C8 /* entityMatcher.hpp */,
				898BCA7B1EA24AAC004960C8 /* filter.hpp */,
				898BCA7C1EA24AAC004960C8 /* reactiveSystem.hpp */,
				898BCA7D1EA24AAC004960C8 /* systemObserver.hpp */,
			);
			name = headers;
			path = include;
			sourceTree = "<group>";
		};
		899C6C0A1DD34A97009094C5 /* src */ = {
			isa = PBXGroup;
			children = (
				899C6C0B1DD34A97009094C5 /* entity.cpp */,
				899C6C0C1DD34A97009094C5 /* entityMatcher.cpp */,
				899C6C0D1DD34A97009094C5 /* filter.cpp */,
				899C6C0E1DD34A97009094C5 /* reactiveSystem.cpp */,
				899C6C0F1DD34A97009094C5 /* systemObserver.cpp */,
			);
			path = src;
			sourceTree = "<group>";
		};
		89E45AC91DC7B6BD0042532D = {
			isa = PBXGroup;
			children = (
				89E45AD41DC7B6BD0042532D /* ECS */,
				89E45AD31DC7B6BD0042532D /* Products */,
			);
			sourceTree = "<group>";
		};
		89E45AD31DC7B6BD0042532D /* Products */ = {
			isa = PBXGroup;
			children = (
				89E45AD21DC7B6BD0042532D /* ECS */,
			);
			name = Products;
			sourceTree = "<group>";
		};
		89E45AD41DC7B6BD0042532D /* ECS */ = {
			isa = PBXGroup;
			children = (
				899C6BF71DD34A6D009094C5 /* examples */,
				899C6C021DD34A90009094C5 /* headers */,
				899C6C0A1DD34A97009094C5 /* src */,
				891D23701DD9E87900437054 /* tests */,
			);
			path = ECS;
			sourceTree = "<group>";
		};
/* End PBXGroup section */

/* Begin PBXNativeTarget section */
		89E45AD11DC7B6BD0042532D /* ECS */ = {
			isa = PBXNativeTarget;
			buildConfigurationList = 89E45AD91DC7B6BD0042532D /* Build configuration list for PBXNativeTarget "ECS" */;
			buildPhases = (
				89E45ACE1DC7B6BD0042532D /* Sources */,
				89E45ACF1DC7B6BD0042532D /* Frameworks */,
				89E45AD01DC7B6BD0042532D /* Copy Files */,
			);
			buildRules = (
			);
			dependencies = (
			);
			name = ECS;
			productName = ECS;
			productReference = 89E45AD21DC7B6BD0042532D /* ECS */;
			productType = "com.apple.product-type.tool";
		};
/* End PBXNativeTarget section */

/* Begin PBXProject section */
		89E45ACA1DC7B6BD0042532D /* Project object */ = {
			isa = PBXProject;
			attributes = {
				LastUpgradeCheck = 0810;
				ORGANIZATIONNAME = "Adi Zhavo";
				TargetAttributes = {
					89E45AD11DC7B6BD0042532D = {
						CreatedOnToolsVersion = 7.3.1;
					};
				};
			};
			buildConfigurationList = 89E45ACD1DC7B6BD0042532D /* Build configuration list for PBXProject "ECS" */;
			compatibilityVersion = "Xcode 3.2";
			developmentRegion = English;
			hasScannedForEncodings = 0;
			knownRegions = (
				en,
			);
			mainGroup = 89E45AC91DC7B6BD0042532D;
			productRefGroup = 89E45AD31DC7B6BD0042532D /* Products */;
			projectDirPath = "";
			projectRoot = "";
			targets = (
				89E45AD11DC7B6BD0042532D /* ECS */,
			);
		};
/* End PBXProject section */

/* Begin PBXSourcesBuildPhase section */
		89E45ACE1DC7B6BD0042532D /* Sources */ = {
			isa = PBXSourcesBuildPhase;
			buildActionMask = 2147483647;
			files = (
				891D23751DDA046500437054 /* entityTest.cpp in Sources */,
				896DF9A11DE1D1250071E77D /* reactiveSystemTest.cpp in Sources */,
				89AEA8281DE0BFE600E600A0 /* entityMatcherTest.cpp in Sources */,
				899C6C131DD34A97009094C5 /* reactiveSystem.cpp in Sources */,
				899C6C101DD34A97009094C5 /* entity.cpp in Sources */,
				899C6C121DD34A97009094C5 /* filter.cpp in Sources */,
				89AEA8201DE0A80F00E600A0 /* mainTest.cpp in Sources */,
				89AEA8241DE0B46C00E600A0 /* filterTest.cpp in Sources */,
				899C6C111DD34A97009094C5 /* entityMatcher.cpp in Sources */,
				899C6C141DD34A97009094C5 /* systemObserver.cpp in Sources */,
			);
			runOnlyForDeploymentPostprocessing = 0;
		};
/* End PBXSourcesBuildPhase section */

/* Begin XCBuildConfiguration section */
		89E45AD71DC7B6BD0042532D /* Debug */ = {
			isa = XCBuildConfiguration;
			buildSettings = {
				ALWAYS_SEARCH_USER_PATHS = NO;
				CLANG_ANALYZER_NONNULL = YES;
				CLANG_CXX_LANGUAGE_STANDARD = "gnu++0x";
				CLANG_CXX_LIBRARY = "libc++";
				CLANG_ENABLE_MODULES = YES;
				CLANG_ENABLE_OBJC_ARC = YES;
				CLANG_WARN_BOOL_CONVERSION = YES;
				CLANG_WARN_CONSTANT_CONVERSION = YES;
				CLANG_WARN_DIRECT_OBJC_ISA_USAGE = YES_ERROR;
				CLANG_WARN_EMPTY_BODY = YES;
				CLANG_WARN_ENUM_CONVERSION = YES;
				CLANG_WARN_INFINITE_RECURSION = YES;
				CLANG_WARN_INT_CONVERSION = YES;
				CLANG_WARN_OBJC_ROOT_CLASS = YES_ERROR;
				CLANG_WARN_SUSPICIOUS_MOVE = YES;
				CLANG_WARN_UNREACHABLE_CODE = YES;
				CLANG_WARN__DUPLICATE_METHOD_MATCH = YES;
				CODE_SIGN_IDENTITY = "-";
				COPY_PHASE_STRIP = NO;
				DEBUG_INFORMATION_FORMAT = dwarf;
				ENABLE_STRICT_OBJC_MSGSEND = YES;
				ENABLE_TESTABILITY = YES;
				GCC_C_LANGUAGE_STANDARD = gnu99;
				GCC_DYNAMIC_NO_PIC = NO;
				GCC_NO_COMMON_BLOCKS = YES;
				GCC_OPTIMIZATION_LEVEL = 0;
				GCC_PREPROCESSOR_DEFINITIONS = (
					"DEBUG=1",
					"$(inherited)",
				);
				GCC_WARN_64_TO_32_BIT_CONVERSION = YES;
				GCC_WARN_ABOUT_RETURN_TYPE = YES_ERROR;
				GCC_WARN_UNDECLARED_SELECTOR = YES;
				GCC_WARN_UNINITIALIZED_AUTOS = YES_AGGRESSIVE;
				GCC_WARN_UNUSED_FUNCTION = YES;
				GCC_WARN_UNUSED_VARIABLE = YES;
				MACOSX_DEPLOYMENT_TARGET = 10.11;
				MTL_ENABLE_DEBUG_INFO = YES;
				ONLY_ACTIVE_ARCH = YES;
				SDKROOT = macosx;
				"USER_HEADER_SEARCH_PATHS[arch=*]" = "$(SRCROOT)/ECS/include/** $(SRCROOT)/ECS/src/** $(SRCROOT)/ECS/examples/** $(SRCROOT)/ECS/Framework/Headers/** $(SRCROOT)/ECS/Framework/Headers/internal/**";
			};
			name = Debug;
		};
		89E45AD81DC7B6BD0042532D /* Release */ = {
			isa = XCBuildConfiguration;
			buildSettings = {
				ALWAYS_SEARCH_USER_PATHS = NO;
				CLANG_ANALYZER_NONNULL = YES;
				CLANG_CXX_LANGUAGE_STANDARD = "gnu++0x";
				CLANG_CXX_LIBRARY = "libc++";
				CLANG_ENABLE_MODULES = YES;
				CLANG_ENABLE_OBJC_ARC = YES;
				CLANG_WARN_BOOL_CONVERSION = YES;
				CLANG_WARN_CONSTANT_CONVERSION = YES;
				CLANG_WARN_DIRECT_OBJC_ISA_USAGE = YES_ERROR;
				CLANG_WARN_EMPTY_BODY = YES;
				CLANG_WARN_ENUM_CONVERSION = YES;
				CLANG_WARN_INFINITE_RECURSION = YES;
				CLANG_WARN_INT_CONVERSION = YES;
				CLANG_WARN_OBJC_ROOT_CLASS = YES_ERROR;
				CLANG_WARN_SUSPICIOUS_MOVE = YES;
				CLANG_WARN_UNREACHABLE_CODE = YES;
				CLANG_WARN__DUPLICATE_METHOD_MATCH = YES;
				CODE_SIGN_IDENTITY = "-";
				COPY_PHASE_STRIP = NO;
				DEBUG_INFORMATION_FORMAT = "dwarf-with-dsym";
				ENABLE_NS_ASSERTIONS = NO;
				ENABLE_STRICT_OBJC_MSGSEND = YES;
				GCC_C_LANGUAGE_STANDARD = gnu99;
				GCC_NO_COMMON_BLOCKS = YES;
				GCC_WARN_64_TO_32_BIT_CONVERSION = YES;
				GCC_WARN_ABOUT_RETURN_TYPE = YES_ERROR;
				GCC_WARN_UNDECLARED_SELECTOR = YES;
				GCC_WARN_UNINITIALIZED_AUTOS = YES_AGGRESSIVE;
				GCC_WARN_UNUSED_FUNCTION = YES;
				GCC_WARN_UNUSED_VARIABLE = YES;
				MACOSX_DEPLOYMENT_TARGET = 10.11;
				MTL_ENABLE_DEBUG_INFO = NO;
				SDKROOT = macosx;
				"USER_HEADER_SEARCH_PATHS[arch=*]" = "$(SRCROOT)/ECS/src/** $(SRCROOT)/ECS/include/** $(SRCROOT)/ECS/Framework/Headers/** $(SRCROOT)/ECS/Framework/Headers/internal/**";
			};
			name = Release;
		};
		89E45ADA1DC7B6BD0042532D /* Debug */ = {
			isa = XCBuildConfiguration;
			buildSettings = {
				FRAMEWORK_SEARCH_PATHS = (
					"$(inherited)",
					"$(PROJECT_DIR)",
					"$(PROJECT_DIR)/ECS/libs",
				);
				PRODUCT_NAME = "$(TARGET_NAME)";
			};
			name = Debug;
		};
		89E45ADB1DC7B6BD0042532D /* Release */ = {
			isa = XCBuildConfiguration;
			buildSettings = {
				FRAMEWORK_SEARCH_PATHS = (
					"$(inherited)",
					"$(PROJECT_DIR)",
					"$(PROJECT_DIR)/ECS/libs",
				);
				PRODUCT_NAME = "$(TARGET_NAME)";
			};
			name = Release;
		};
/* End XCBuildConfiguration section */

/* Begin XCConfigurationList section */
		89E45ACD1DC7B6BD0042532D /* Build configuration list for PBXProject "ECS" */ = {
			isa = XCConfigurationList;
			buildConfigurations = (
				89E45AD71DC7B6BD0042532D /* Debug */,
				89E45AD81DC7B6BD0042532D /* Release */,
			);
			defaultConfigurationIsVisible = 0;
			defaultConfigurationName = Release;
		};
		89E45AD91DC7B6BD0042532D /* Build configuration list for PBXNativeTarget "ECS" */ = {
			isa = XCConfigurationList;
			buildConfigurations = (
				89E45ADA1DC7B6BD0042532D /* Debug */,
				89E45ADB1DC7B6BD0042532D /* Release */,
			);
			defaultConfigurationIsVisible = 0;
			defaultConfigurationName = Release;
		};
/* End XCConfigurationList section */
	};
	rootObject = 89E45ACA1DC7B6BD0042532D /* Project object */;
}
